
Microsoft Visual Studio Solution File, Format Version 12.00
# Visual Studio Version 16
VisualStudioVersion = 16.0.32413.511
MinimumVisualStudioVersion = 10.0.40219.1
Project("{888888A0-9F3D-457C-B088-3A5042F75D52}") = "Task4", "Task4\Task4.pyproj", "{C529FCEF-80DD-4AF9-9B24-BB2B5E791563}"
EndProject
Global
	GlobalSection(SolutionConfigurationPlatforms) = preSolution
		Debug|Any CPU = Debug|Any CPU
		Release|Any CPU = Release|Any CPU
	EndGlobalSection
	GlobalSection(ProjectConfigurationPlatforms) = postSolution
		{C529FCEF-80DD-4AF9-9B24-BB2B5E791563}.Debug|Any CPU.ActiveCfg = Debug|Any CPU
		{C529FCEF-80DD-4AF9-9B24-BB2B5E791563}.Release|Any CPU.ActiveCfg = Release|Any CPU
	EndGlobalSection
	GlobalSection(SolutionProperties) = preSolution
		HideSolutionNode = FALSE
	EndGlobalSection
	GlobalSection(ExtensibilityGlobals) = postSolution
		SolutionGuid = {860C3415-E406-41CF-BED8-97305ED1CA90}
	EndGlobalSection
EndGlobal
