
Microsoft Visual Studio Solution File, Format Version 12.00
# Visual Studio Version 16
VisualStudioVersion = 16.0.32413.511
MinimumVisualStudioVersion = 10.0.40219.1
Project("{888888A0-9F3D-457C-B088-3A5042F75D52}") = "task4", "task4\task4.pyproj", "{A01F4AC6-520F-469A-9436-A5D3656C204B}"
EndProject
Global
	GlobalSection(SolutionConfigurationPlatforms) = preSolution
		Debug|Any CPU = Debug|Any CPU
		Release|Any CPU = Release|Any CPU
	EndGlobalSection
	GlobalSection(ProjectConfigurationPlatforms) = postSolution
		{A01F4AC6-520F-469A-9436-A5D3656C204B}.Debug|Any CPU.ActiveCfg = Debug|Any CPU
		{A01F4AC6-520F-469A-9436-A5D3656C204B}.Release|Any CPU.ActiveCfg = Release|Any CPU
	EndGlobalSection
	GlobalSection(SolutionProperties) = preSolution
		HideSolutionNode = FALSE
	EndGlobalSection
	GlobalSection(ExtensibilityGlobals) = postSolution
		SolutionGuid = {FE4E2995-EAA6-4D26-BA29-0C637AE50D87}
	EndGlobalSection
EndGlobal
